
Microsoft Visual Studio Solution File, Format Version 12.00
# Visual Studio Version 16
VisualStudioVersion = 16.0.28729.10
MinimumVisualStudioVersion = 10.0.40219.1
Project("{FAE04EC0-301F-11D3-BF4B-00C04F79EFBC}") = "ConsoleApp", "ConsoleApp\ConsoleApp.csproj", "{BFA30CF3-7B1A-4BDB-9C99-955D6D01083C}"
EndProject
Global
	GlobalSection(SolutionConfigurationPlatforms) = preSolution
		Debug|Any CPU = Debug|Any CPU
		Release|Any CPU = Release|Any CPU
	EndGlobalSection
	GlobalSection(ProjectConfigurationPlatforms) = postSolution
		{BFA30CF3-7B1A-4BDB-9C99-955D6D01083C}.Debug|Any CPU.ActiveCfg = Debug|Any CPU
		{BFA30CF3-7B1A-4BDB-9C99-955D6D01083C}.Debug|Any CPU.Build.0 = Debug|Any CPU
		{BFA30CF3-7B1A-4BDB-9C99-955D6D01083C}.Release|Any CPU.ActiveCfg = Release|Any CPU
		{BFA30CF3-7B1A-4BDB-9C99-955D6D01083C}.Release|Any CPU.Build.0 = Release|Any CPU
	EndGlobalSection
	GlobalSection(SolutionProperties) = preSolution
		HideSolutionNode = FALSE
	EndGlobalSection
	GlobalSection(ExtensibilityGlobals) = postSolution
		SolutionGuid = {8C2F876C-112F-43DE-BED9-524BD9BE9475}
	EndGlobalSection
EndGlobal
